
Microsoft Visual Studio Solution File, Format Version 12.00
# Visual Studio Version 17
VisualStudioVersion = 17.5.33627.172
MinimumVisualStudioVersion = 10.0.40219.1
Project("{FAE04EC0-301F-11D3-BF4B-00C04F79EFBC}") = "UIL", "UIL.csproj", "{2FD93944-8823-4CD6-917D-BDAB157FBC8D}"
EndProject
Project("{FAE04EC0-301F-11D3-BF4B-00C04F79EFBC}") = "BLL", "..\BLL\BLL.csproj", "{9F988046-5754-4D9C-87E3-B73B07C28F87}"
EndProject
Project("{FAE04EC0-301F-11D3-BF4B-00C04F79EFBC}") = "DAL", "..\DAL\DAL.csproj", "{F88179DB-0EF8-471B-B218-2860166AF5F4}"
EndProject
Global
	GlobalSection(SolutionConfigurationPlatforms) = preSolution
		Debug|Any CPU = Debug|Any CPU
		Release|Any CPU = Release|Any CPU
	EndGlobalSection
	GlobalSection(ProjectConfigurationPlatforms) = postSolution
		{2FD93944-8823-4CD6-917D-BDAB157FBC8D}.Debug|Any CPU.ActiveCfg = Debug|Any CPU
		{2FD93944-8823-4CD6-917D-BDAB157FBC8D}.Debug|Any CPU.Build.0 = Debug|Any CPU
		{2FD93944-8823-4CD6-917D-BDAB157FBC8D}.Release|Any CPU.ActiveCfg = Release|Any CPU
		{2FD93944-8823-4CD6-917D-BDAB157FBC8D}.Release|Any CPU.Build.0 = Release|Any CPU
		{9F988046-5754-4D9C-87E3-B73B07C28F87}.Debug|Any CPU.ActiveCfg = Debug|Any CPU
		{9F988046-5754-4D9C-87E3-B73B07C28F87}.Debug|Any CPU.Build.0 = Debug|Any CPU
		{9F988046-5754-4D9C-87E3-B73B07C28F87}.Release|Any CPU.ActiveCfg = Release|Any CPU
		{9F988046-5754-4D9C-87E3-B73B07C28F87}.Release|Any CPU.Build.0 = Release|Any CPU
		{F88179DB-0EF8-471B-B218-2860166AF5F4}.Debug|Any CPU.ActiveCfg = Debug|Any CPU
		{F88179DB-0EF8-471B-B218-2860166AF5F4}.Debug|Any CPU.Build.0 = Debug|Any CPU
		{F88179DB-0EF8-471B-B218-2860166AF5F4}.Release|Any CPU.ActiveCfg = Release|Any CPU
		{F88179DB-0EF8-471B-B218-2860166AF5F4}.Release|Any CPU.Build.0 = Release|Any CPU
	EndGlobalSection
	GlobalSection(SolutionProperties) = preSolution
		HideSolutionNode = FALSE
	EndGlobalSection
	GlobalSection(ExtensibilityGlobals) = postSolution
		SolutionGuid = {C53AAD09-7DB5-4784-ADB8-590FF5CFDE26}
	EndGlobalSection
EndGlobal
